
Microsoft Visual Studio Solution File, Format Version 12.00
# Visual Studio Version 16
VisualStudioVersion = 16.0.32126.315
MinimumVisualStudioVersion = 10.0.40219.1
Project("{FAE04EC0-301F-11D3-BF4B-00C04F79EFBC}") = "ConsoleAppDeepa", "ConsoleAppDeepa\ConsoleAppDeepa.csproj", "{6AAF05F3-9339-473B-AD8F-40CE4BAD883D}"
EndProject
Global
	GlobalSection(SolutionConfigurationPlatforms) = preSolution
		Debug|Any CPU = Debug|Any CPU
		Release|Any CPU = Release|Any CPU
	EndGlobalSection
	GlobalSection(ProjectConfigurationPlatforms) = postSolution
		{6AAF05F3-9339-473B-AD8F-40CE4BAD883D}.Debug|Any CPU.ActiveCfg = Debug|Any CPU
		{6AAF05F3-9339-473B-AD8F-40CE4BAD883D}.Debug|Any CPU.Build.0 = Debug|Any CPU
		{6AAF05F3-9339-473B-AD8F-40CE4BAD883D}.Release|Any CPU.ActiveCfg = Release|Any CPU
		{6AAF05F3-9339-473B-AD8F-40CE4BAD883D}.Release|Any CPU.Build.0 = Release|Any CPU
	EndGlobalSection
	GlobalSection(SolutionProperties) = preSolution
		HideSolutionNode = FALSE
	EndGlobalSection
	GlobalSection(ExtensibilityGlobals) = postSolution
		SolutionGuid = {9620F177-D1BE-4825-932C-ACBA24F44496}
	EndGlobalSection
EndGlobal
